
Microsoft Visual Studio Solution File, Format Version 12.00
# Visual Studio Version 17
VisualStudioVersion = 17.9.34728.123
MinimumVisualStudioVersion = 10.0.40219.1
Project("{FAE04EC0-301F-11D3-BF4B-00C04F79EFBC}") = "PasswordManager", "PasswordManager\PasswordManager.csproj", "{0A195E6C-33AB-4597-806B-8F14A94C9880}"
EndProject
Global
	GlobalSection(SolutionConfigurationPlatforms) = preSolution
		Debug|Any CPU = Debug|Any CPU
		Release|Any CPU = Release|Any CPU
	EndGlobalSection
	GlobalSection(ProjectConfigurationPlatforms) = postSolution
		{0A195E6C-33AB-4597-806B-8F14A94C9880}.Debug|Any CPU.ActiveCfg = Debug|Any CPU
		{0A195E6C-33AB-4597-806B-8F14A94C9880}.Debug|Any CPU.Build.0 = Debug|Any CPU
		{0A195E6C-33AB-4597-806B-8F14A94C9880}.Release|Any CPU.ActiveCfg = Release|Any CPU
		{0A195E6C-33AB-4597-806B-8F14A94C9880}.Release|Any CPU.Build.0 = Release|Any CPU
	EndGlobalSection
	GlobalSection(SolutionProperties) = preSolution
		HideSolutionNode = FALSE
	EndGlobalSection
	GlobalSection(ExtensibilityGlobals) = postSolution
		SolutionGuid = {6C79E686-6514-4427-B379-799BCDEE58AF}
	EndGlobalSection
EndGlobal
